// !$*UTF8*$!
{
	archiveVersion = 1;
	classes = {
	};
	objectVersion = 46;
	objects = {

/* Begin PBXBuildFile section */
		3E39D7E11B7B1A8200A913AF /* AppDelegate.swift in Sources */ = {isa = PBXBuildFile; fileRef = 3E39D7E01B7B1A8200A913AF /* AppDelegate.swift */; };
		3E39D7E31B7B1A8200A913AF /* ViewController.swift in Sources */ = {isa = PBXBuildFile; fileRef = 3E39D7E21B7B1A8200A913AF /* ViewController.swift */; };
		3E39D7E61B7B1A8200A913AF /* Main.storyboard in Resources */ = {isa = PBXBuildFile; fileRef = 3E39D7E41B7B1A8200A913AF /* Main.storyboard */; };
		3E39D7E81B7B1A8200A913AF /* Assets.xcassets in Resources */ = {isa = PBXBuildFile; fileRef = 3E39D7E71B7B1A8200A913AF /* Assets.xcassets */; };
		3E39D7EB1B7B1A8200A913AF /* LaunchScreen.storyboard in Resources */ = {isa = PBXBuildFile; fileRef = 3E39D7E91B7B1A8200A913AF /* LaunchScreen.storyboard */; };
		3E39D7F61B7B1A8200A913AF /* PageAppTests.swift in Sources */ = {isa = PBXBuildFile; fileRef = 3E39D7F51B7B1A8200A913AF /* PageAppTests.swift */; };
		3E39D8011B7B1A8200A913AF /* PageAppUITests.swift in Sources */ = {isa = PBXBuildFile; fileRef = 3E39D8001B7B1A8200A913AF /* PageAppUITests.swift */; };
		3E39D80F1B7B1B2900A913AF /* ContentViewController.swift in Sources */ = {isa = PBXBuildFile; fileRef = 3E39D80E1B7B1B2900A913AF /* ContentViewController.swift */; };
/* End PBXBuildFile section */

/* Begin PBXContainerItemProxy section */
		3E39D7F21B7B1A8200A913AF /* PBXContainerItemProxy */ = {
			isa = PBXContainerItemProxy;
			containerPortal = 3E39D7D51B7B1A8200A913AF /* Project object */;
			proxyType = 1;
			remoteGlobalIDString = 3E39D7DC1B7B1A8200A913AF;
			remoteInfo = PageApp;
		};
		3E39D7FD1B7B1A8200A913AF /* PBXContainerItemProxy */ = {
			isa = PBXContainerItemProxy;
			containerPortal = 3E39D7D51B7B1A8200A913AF /* Project object */;
			proxyType = 1;
			remoteGlobalIDString = 3E39D7DC1B7B1A8200A913AF;
			remoteInfo = PageApp;
		};
/* End PBXContainerItemProxy section */

/* Begin PBXFileReference section */
		3E39D7DD1B7B1A8200A913AF /* PageApp.app */ = {isa = PBXFileReference; explicitFileType = wrapper.application; includeInIndex = 0; path = PageApp.app; sourceTree = BUILT_PRODUCTS_DIR; };
		3E39D7E01B7B1A8200A913AF /* AppDelegate.swift */ = {isa = PBXFileReference; lastKnownFileType = sourcecode.swift; path = AppDelegate.swift; sourceTree = "<group>"; };
		3E39D7E21B7B1A8200A913AF /* ViewController.swift */ = {isa = PBXFileReference; lastKnownFileType = sourcecode.swift; path = ViewController.swift; sourceTree = "<group>"; };
		3E39D7E51B7B1A8200A913AF /* Base */ = {isa = PBXFileReference; lastKnownFileType = file.storyboard; name = Base; path = Base.lproj/Main.storyboard; sourceTree = "<group>"; };
		3E39D7E71B7B1A8200A913AF /* Assets.xcassets */ = {isa = PBXFileReference; lastKnownFileType = folder.assetcatalog; path = Assets.xcassets; sourceTree = "<group>"; };
		3E39D7EA1B7B1A8200A913AF /* Base */ = {isa = PBXFileReference; lastKnownFileType = file.storyboard; name = Base; path = Base.lproj/LaunchScreen.storyboard; sourceTree = "<group>"; };
		3E39D7EC1B7B1A8200A913AF /* Info.plist */ = {isa = PBXFileReference; lastKnownFileType = text.plist.xml; path = Info.plist; sourceTree = "<group>"; };
		3E39D7F11B7B1A8200A913AF /* PageAppTests.xctest */ = {isa = PBXFileReference; explicitFileType = wrapper.cfbundle; includeInIndex = 0; path = PageAppTests.xctest; sourceTree = BUILT_PRODUCTS_DIR; };
		3E39D7F51B7B1A8200A913AF /* PageAppTests.swift */ = {isa = PBXFileReference; lastKnownFileType = sourcecode.swift; path = PageAppTests.swift; sourceTree = "<group>"; };
		3E39D7F71B7B1A8200A913AF /* Info.plist */ = {isa = PBXFileReference; lastKnownFileType = text.plist.xml; path = Info.plist; sourceTree = "<group>"; };
		3E39D7FC1B7B1A8200A913AF /* PageAppUITests.xctest */ = {isa = PBXFileReference; explicitFileType = wrapper.cfbundle; includeInIndex = 0; path = PageAppUITests.xctest; sourceTree = BUILT_PRODUCTS_DIR; };
		3E39D8001B7B1A8200A913AF /* PageAppUITests.swift */ = {isa = PBXFileReference; lastKnownFileType = sourcecode.swift; path = PageAppUITests.swift; sourceTree = "<group>"; };
		3E39D8021B7B1A8200A913AF /* Info.plist */ = {isa = PBXFileReference; lastKnownFileType = text.plist.xml; path = Info.plist; sourceTree = "<group>"; };
		3E39D80E1B7B1B2900A913AF /* ContentViewController.swift */ = {isa = PBXFileReference; fileEncoding = 4; lastKnownFileType = sourcecode.swift; path = ContentViewController.swift; sourceTree = "<group>"; };
/* End PBXFileReference section */

/* Begin PBXFrameworksBuildPhase section */
		3E39D7DA1B7B1A8200A913AF /* Frameworks */ = {
			isa = PBXFrameworksBuildPhase;
			buildActionMask = 2147483647;
			files = (
			);
			runOnlyForDeploymentPostprocessing = 0;
		};
		3E39D7EE1B7B1A8200A913AF /* Frameworks */ = {
			isa = PBXFrameworksBuildPhase;
			buildActionMask = 2147483647;
			files = (
			);
			runOnlyForDeploymentPostprocessing = 0;
		};
		3E39D7F91B7B1A8200A913AF /* Frameworks */ = {
			isa = PBXFrameworksBuildPhase;
			buildActionMask = 2147483647;
			files = (
			);
			runOnlyForDeploymentPostprocessing = 0;
		};
/* End PBXFrameworksBuildPhase section */

/* Begin PBXGroup section */
		3E39D7D41B7B1A8200A913AF = {
			isa = PBXGroup;
			children = (
				3E39D7DF1B7B1A8200A913AF /* PageApp */,
				3E39D7F41B7B1A8200A913AF /* PageAppTests */,
				3E39D7FF1B7B1A8200A913AF /* PageAppUITests */,
				3E39D7DE1B7B1A8200A913AF /* Products */,
			);
			sourceTree = "<group>";
		};
		3E39D7DE1B7B1A8200A913AF /* Products */ = {
			isa = PBXGroup;
			children = (
				3E39D7DD1B7B1A8200A913AF /* PageApp.app */,
				3E39D7F11B7B1A8200A913AF /* PageAppTests.xctest */,
				3E39D7FC1B7B1A8200A913AF /* PageAppUITests.xctest */,
			);
			name = Products;
			sourceTree = "<group>";
		};
		3E39D7DF1B7B1A8200A913AF /* PageApp */ = {
			isa = PBXGroup;
			children = (
				3E39D7E01B7B1A8200A913AF /* AppDelegate.swift */,
				3E39D7E21B7B1A8200A913AF /* ViewController.swift */,
				3E39D7E41B7B1A8200A913AF /* Main.storyboard */,
				3E39D7E71B7B1A8200A913AF /* Assets.xcassets */,
				3E39D7E91B7B1A8200A913AF /* LaunchScreen.storyboard */,
				3E39D7EC1B7B1A8200A913AF /* Info.plist */,
				3E39D80E1B7B1B2900A913AF /* ContentViewController.swift */,
			);
			path = PageApp;
			sourceTree = "<group>";
		};
		3E39D7F41B7B1A8200A913AF /* PageAppTests */ = {
			isa = PBXGroup;
			children = (
				3E39D7F51B7B1A8200A913AF /* PageAppTests.swift */,
				3E39D7F71B7B1A8200A913AF /* Info.plist */,
			);
			path = PageAppTests;
			sourceTree = "<group>";
		};
		3E39D7FF1B7B1A8200A913AF /* PageAppUITests */ = {
			isa = PBXGroup;
			children = (
				3E39D8001B7B1A8200A913AF /* PageAppUITests.swift */,
				3E39D8021B7B1A8200A913AF /* Info.plist */,
			);
			path = PageAppUITests;
			sourceTree = "<group>";
		};
/* End PBXGroup section */

/* Begin PBXNativeTarget section */
		3E39D7DC1B7B1A8200A913AF /* PageApp */ = {
			isa = PBXNativeTarget;
			buildConfigurationList = 3E39D8051B7B1A8200A913AF /* Build configuration list for PBXNativeTarget "PageApp" */;
			buildPhases = (
				3E39D7D91B7B1A8200A913AF /* Sources */,
				3E39D7DA1B7B1A8200A913AF /* Frameworks */,
				3E39D7DB1B7B1A8200A913AF /* Resources */,
			);
			buildRules = (
			);
			dependencies = (
			);
			name = PageApp;
			productName = PageApp;
			productReference = 3E39D7DD1B7B1A8200A913AF /* PageApp.app */;
			productType = "com.apple.product-type.application";
		};
		3E39D7F01B7B1A8200A913AF /* PageAppTests */ = {
			isa = PBXNativeTarget;
			buildConfigurationList = 3E39D8081B7B1A8200A913AF /* Build configuration list for PBXNativeTarget "PageAppTests" */;
			buildPhases = (
				3E39D7ED1B7B1A8200A913AF /* Sources */,
				3E39D7EE1B7B1A8200A913AF /* Frameworks */,
				3E39D7EF1B7B1A8200A913AF /* Resources */,
			);
			buildRules = (
			);
			dependencies = (
				3E39D7F31B7B1A8200A913AF /* PBXTargetDependency */,
			);
			name = PageAppTests;
			productName = PageAppTests;
			productReference = 3E39D7F11B7B1A8200A913AF /* PageAppTests.xctest */;
			productType = "com.apple.product-type.bundle.unit-test";
		};
		3E39D7FB1B7B1A8200A913AF /* PageAppUITests */ = {
			isa = PBXNativeTarget;
			buildConfigurationList = 3E39D80B1B7B1A8200A913AF /* Build configuration list for PBXNativeTarget "PageAppUITests" */;
			buildPhases = (
				3E39D7F81B7B1A8200A913AF /* Sources */,
				3E39D7F91B7B1A8200A913AF /* Frameworks */,
				3E39D7FA1B7B1A8200A913AF /* Resources */,
			);
			buildRules = (
			);
			dependencies = (
				3E39D7FE1B7B1A8200A913AF /* PBXTargetDependency */,
			);
			name = PageAppUITests;
			productName = PageAppUITests;
			productReference = 3E39D7FC1B7B1A8200A913AF /* PageAppUITests.xctest */;
			productType = "com.apple.product-type.bundle.ui-testing";
		};
/* End PBXNativeTarget section */

/* Begin PBXProject section */
		3E39D7D51B7B1A8200A913AF /* Project object */ = {
			isa = PBXProject;
			attributes = {
				LastUpgradeCheck = 0700;
				ORGANIZATIONNAME = "Hello HQ Pte. Ltd.";
				TargetAttributes = {
					3E39D7DC1B7B1A8200A913AF = {
						CreatedOnToolsVersion = 7.0;
					};
					3E39D7F01B7B1A8200A913AF = {
						CreatedOnToolsVersion = 7.0;
						TestTargetID = 3E39D7DC1B7B1A8200A913AF;
					};
					3E39D7FB1B7B1A8200A913AF = {
						CreatedOnToolsVersion = 7.0;
						TestTargetID = 3E39D7DC1B7B1A8200A913AF;
					};
				};
			};
			buildConfigurationList = 3E39D7D81B7B1A8200A913AF /* Build configuration list for PBXProject "PageApp" */;
			compatibilityVersion = "Xcode 3.2";
			developmentRegion = English;
			hasScannedForEncodings = 0;
			knownRegions = (
				en,
				Base,
			);
			mainGroup = 3E39D7D41B7B1A8200A913AF;
			productRefGroup = 3E39D7DE1B7B1A8200A913AF /* Products */;
			projectDirPath = "";
			projectRoot = "";
			targets = (
				3E39D7DC1B7B1A8200A913AF /* PageApp */,
				3E39D7F01B7B1A8200A913AF /* PageAppTests */,
				3E39D7FB1B7B1A8200A913AF /* PageAppUITests */,
			);
		};
/* End PBXProject section */

/* Begin PBXResourcesBuildPhase section */
		3E39D7DB1B7B1A8200A913AF /* Resources */ = {
			isa = PBXResourcesBuildPhase;
			buildActionMask = 2147483647;
			files = (
				3E39D7EB1B7B1A8200A913AF /* LaunchScreen.storyboard in Resources */,
				3E39D7E81B7B1A8200A913AF /* Assets.xcassets in Resources */,
				3E39D7E61B7B1A8200A913AF /* Main.storyboard in Resources */,
			);
			runOnlyForDeploymentPostprocessing = 0;
		};
		3E39D7EF1B7B1A8200A913AF /* Resources */ = {
			isa = PBXResourcesBuildPhase;
			buildActionMask = 2147483647;
			files = (
			);
			runOnlyForDeploymentPostprocessing = 0;
		};
		3E39D7FA1B7B1A8200A913AF /* Resources */ = {
			isa = PBXResourcesBuildPhase;
			buildActionMask = 2147483647;
			files = (
			);
			runOnlyForDeploymentPostprocessing = 0;
		};
/* End PBXResourcesBuildPhase section */

/* Begin PBXSourcesBuildPhase section */
		3E39D7D91B7B1A8200A913AF /* Sources */ = {
			isa = PBXSourcesBuildPhase;
			buildActionMask = 2147483647;
			files = (
				3E39D7E31B7B1A8200A913AF /* ViewController.swift in Sources */,
				3E39D80F1B7B1B2900A913AF /* ContentViewController.swift in Sources */,
				3E39D7E11B7B1A8200A913AF /* AppDelegate.swift in Sources */,
			);
			runOnlyForDeploymentPostprocessing = 0;
		};
		3E39D7ED1B7B1A8200A913AF /* Sources */ = {
			isa = PBXSourcesBuildPhase;
			buildActionMask = 2147483647;
			files = (
				3E39D7F61B7B1A8200A913AF /* PageAppTests.swift in Sources */,
			);
			runOnlyForDeploymentPostprocessing = 0;
		};
		3E39D7F81B7B1A8200A913AF /* Sources */ = {
			isa = PBXSourcesBuildPhase;
			buildActionMask = 2147483647;
			files = (
				3E39D8011B7B1A8200A913AF /* PageAppUITests.swift in Sources */,
			);
			runOnlyForDeploymentPostprocessing = 0;
		};
/* End PBXSourcesBuildPhase section */

/* Begin PBXTargetDependency section */
		3E39D7F31B7B1A8200A913AF /* PBXTargetDependency */ = {
			isa = PBXTargetDependency;
			target = 3E39D7DC1B7B1A8200A913AF /* PageApp */;
			targetProxy = 3E39D7F21B7B1A8200A913AF /* PBXContainerItemProxy */;
		};
		3E39D7FE1B7B1A8200A913AF /* PBXTargetDependency */ = {
			isa = PBXTargetDependency;
			target = 3E39D7DC1B7B1A8200A913AF /* PageApp */;
			targetProxy = 3E39D7FD1B7B1A8200A913AF /* PBXContainerItemProxy */;
		};
/* End PBXTargetDependency section */

/* Begin PBXVariantGroup section */
		3E39D7E41B7B1A8200A913AF /* Main.storyboard */ = {
			isa = PBXVariantGroup;
			children = (
				3E39D7E51B7B1A8200A913AF /* Base */,
			);
			name = Main.storyboard;
			sourceTree = "<group>";
		};
		3E39D7E91B7B1A8200A913AF /* LaunchScreen.storyboard */ = {
			isa = PBXVariantGroup;
			children = (
				3E39D7EA1B7B1A8200A913AF /* Base */,
			);
			name = LaunchScreen.storyboard;
			sourceTree = "<group>";
		};
/* End PBXVariantGroup section */

/* Begin XCBuildConfiguration section */
		3E39D8031B7B1A8200A913AF /* Debug */ = {
			isa = XCBuildConfiguration;
			buildSettings = {
				ALWAYS_SEARCH_USER_PATHS = NO;
				CLANG_CXX_LANGUAGE_STANDARD = "gnu++0x";
				CLANG_CXX_LIBRARY = "libc++";
				CLANG_ENABLE_MODULES = YES;
				CLANG_ENABLE_OBJC_ARC = YES;
				CLANG_WARN_BOOL_CONVERSION = YES;
				CLANG_WARN_CONSTANT_CONVERSION = YES;
				CLANG_WARN_DIRECT_OBJC_ISA_USAGE = YES_ERROR;
				CLANG_WARN_EMPTY_BODY = YES;
				CLANG_WARN_ENUM_CONVERSION = YES;
				CLANG_WARN_INT_CONVERSION = YES;
				CLANG_WARN_OBJC_ROOT_CLASS = YES_ERROR;
				CLANG_WARN_UNREACHABLE_CODE = YES;
				CLANG_WARN__DUPLICATE_METHOD_MATCH = YES;
				"CODE_SIGN_IDENTITY[sdk=iphoneos*]" = "iPhone Developer";
				COPY_PHASE_STRIP = NO;
				DEBUG_INFORMATION_FORMAT = dwarf;
				ENABLE_STRICT_OBJC_MSGSEND = YES;
				ENABLE_TESTABILITY = YES;
				GCC_C_LANGUAGE_STANDARD = gnu99;
				GCC_DYNAMIC_NO_PIC = NO;
				GCC_NO_COMMON_BLOCKS = YES;
				GCC_OPTIMIZATION_LEVEL = 0;
				GCC_PREPROCESSOR_DEFINITIONS = (
					"DEBUG=1",
					"$(inherited)",
				);
				GCC_WARN_64_TO_32_BIT_CONVERSION = YES;
				GCC_WARN_ABOUT_RETURN_TYPE = YES_ERROR;
				GCC_WARN_UNDECLARED_SELECTOR = YES;
				GCC_WARN_UNINITIALIZED_AUTOS = YES_AGGRESSIVE;
				GCC_WARN_UNUSED_FUNCTION = YES;
				GCC_WARN_UNUSED_VARIABLE = YES;
				IPHONEOS_DEPLOYMENT_TARGET = 9.0;
				MTL_ENABLE_DEBUG_INFO = YES;
				ONLY_ACTIVE_ARCH = YES;
				SDKROOT = iphoneos;
				SWIFT_OPTIMIZATION_LEVEL = "-Onone";
				TARGETED_DEVICE_FAMILY = "1,2";
			};
			name = Debug;
		};
		3E39D8041B7B1A8200A913AF /* Release */ = {
			isa = XCBuildConfiguration;
			buildSettings = {
				ALWAYS_SEARCH_USER_PATHS = NO;
				CLANG_CXX_LANGUAGE_STANDARD = "gnu++0x";
				CLANG_CXX_LIBRARY = "libc++";
				CLANG_ENABLE_MODULES = YES;
				CLANG_ENABLE_OBJC_ARC = YES;
				CLANG_WARN_BOOL_CONVERSION = YES;
				CLANG_WARN_CONSTANT_CONVERSION = YES;
				CLANG_WARN_DIRECT_OBJC_ISA_USAGE = YES_ERROR;
				CLANG_WARN_EMPTY_BODY = YES;
				CLANG_WARN_ENUM_CONVERSION = YES;
				CLANG_WARN_INT_CONVERSION = YES;
				CLANG_WARN_OBJC_ROOT_CLASS = YES_ERROR;
				CLANG_WARN_UNREACHABLE_CODE = YES;
				CLANG_WARN__DUPLICATE_METHOD_MATCH = YES;
				"CODE_SIGN_IDENTITY[sdk=iphoneos*]" = "iPhone Developer";
				COPY_PHASE_STRIP = NO;
				DEBUG_INFORMATION_FORMAT = "dwarf-with-dsym";
				ENABLE_NS_ASSERTIONS = NO;
				ENABLE_STRICT_OBJC_MSGSEND = YES;
				GCC_C_LANGUAGE_STANDARD = gnu99;
				GCC_NO_COMMON_BLOCKS = YES;
				GCC_WARN_64_TO_32_BIT_CONVERSION = YES;
				GCC_WARN_ABOUT_RETURN_TYPE = YES_ERROR;
				GCC_WARN_UNDECLARED_SELECTOR = YES;
				GCC_WARN_UNINITIALIZED_AUTOS = YES_AGGRESSIVE;
				GCC_WARN_UNUSED_FUNCTION = YES;
				GCC_WARN_UNUSED_VARIABLE = YES;
				IPHONEOS_DEPLOYMENT_TARGET = 9.0;
				MTL_ENABLE_DEBUG_INFO = NO;
				SDKROOT = iphoneos;
				TARGETED_DEVICE_FAMILY = "1,2";
				VALIDATE_PRODUCT = YES;
			};
			name = Release;
		};
		3E39D8061B7B1A8200A913AF /* Debug */ = {
			isa = XCBuildConfiguration;
			buildSettings = {
				ASSETCATALOG_COMPILER_APPICON_NAME = AppIcon;
				INFOPLIST_FILE = PageApp/Info.plist;
				LD_RUNPATH_SEARCH_PATHS = "$(inherited) @executable_path/Frameworks";
				PRODUCT_BUNDLE_IDENTIFIER = net.hellohq.PageApp;
				PRODUCT_NAME = "$(TARGET_NAME)";
			};
			name = Debug;
		};
		3E39D8071B7B1A8200A913AF /* Release */ = {
			isa = XCBuildConfiguration;
			buildSettings = {
				ASSETCATALOG_COMPILER_APPICON_NAME = AppIcon;
				INFOPLIST_FILE = PageApp/Info.plist;
				LD_RUNPATH_SEARCH_PATHS = "$(inherited) @executable_path/Frameworks";
				PRODUCT_BUNDLE_IDENTIFIER = net.hellohq.PageApp;
				PRODUCT_NAME = "$(TARGET_NAME)";
			};
			name = Release;
		};
		3E39D8091B7B1A8200A913AF /* Debug */ = {
			isa = XCBuildConfiguration;
			buildSettings = {
				BUNDLE_LOADER = "$(TEST_HOST)";
				INFOPLIST_FILE = PageAppTests/Info.plist;
				LD_RUNPATH_SEARCH_PATHS = "$(inherited) @executable_path/Frameworks @loader_path/Frameworks";
				PRODUCT_BUNDLE_IDENTIFIER = net.hellohq.PageAppTests;
				PRODUCT_NAME = "$(TARGET_NAME)";
				TEST_HOST = "$(BUILT_PRODUCTS_DIR)/PageApp.app/PageApp";
			};
			name = Debug;
		};
		3E39D80A1B7B1A8200A913AF /* Release */ = {
			isa = XCBuildConfiguration;
			buildSettings = {
				BUNDLE_LOADER = "$(TEST_HOST)";
				INFOPLIST_FILE = PageAppTests/Info.plist;
				LD_RUNPATH_SEARCH_PATHS = "$(inherited) @executable_path/Frameworks @loader_path/Frameworks";
				PRODUCT_BUNDLE_IDENTIFIER = net.hellohq.PageAppTests;
				PRODUCT_NAME = "$(TARGET_NAME)";
				TEST_HOST = "$(BUILT_PRODUCTS_DIR)/PageApp.app/PageApp";
			};
			name = Release;
		};
		3E39D80C1B7B1A8200A913AF /* Debug */ = {
			isa = XCBuildConfiguration;
			buildSettings = {
				INFOPLIST_FILE = PageAppUITests/Info.plist;
				LD_RUNPATH_SEARCH_PATHS = "$(inherited) @executable_path/Frameworks @loader_path/Frameworks";
				PRODUCT_BUNDLE_IDENTIFIER = net.hellohq.PageAppUITests;
				PRODUCT_NAME = "$(TARGET_NAME)";
				TEST_TARGET_NAME = PageApp;
				USES_XCTRUNNER = YES;
			};
			name = Debug;
		};
		3E39D80D1B7B1A8200A913AF /* Release */ = {
			isa = XCBuildConfiguration;
			buildSettings = {
				INFOPLIST_FILE = PageAppUITests/Info.plist;
				LD_RUNPATH_SEARCH_PATHS = "$(inherited) @executable_path/Frameworks @loader_path/Frameworks";
				PRODUCT_BUNDLE_IDENTIFIER = net.hellohq.PageAppUITests;
				PRODUCT_NAME = "$(TARGET_NAME)";
				TEST_TARGET_NAME = PageApp;
				USES_XCTRUNNER = YES;
			};
			name = Release;
		};
/* End XCBuildConfiguration section */

/* Begin XCConfigurationList section */
		3E39D7D81B7B1A8200A913AF /* Build configuration list for PBXProject "PageApp" */ = {
			isa = XCConfigurationList;
			buildConfigurations = (
				3E39D8031B7B1A8200A913AF /* Debug */,
				3E39D8041B7B1A8200A913AF /* Release */,
			);
			defaultConfigurationIsVisible = 0;
			defaultConfigurationName = Release;
		};
		3E39D8051B7B1A8200A913AF /* Build configuration list for PBXNativeTarget "PageApp" */ = {
			isa = XCConfigurationList;
			buildConfigurations = (
				3E39D8061B7B1A8200A913AF /* Debug */,
				3E39D8071B7B1A8200A913AF /* Release */,
			);
			defaultConfigurationIsVisible = 0;
		};
		3E39D8081B7B1A8200A913AF /* Build configuration list for PBXNativeTarget "PageAppTests" */ = {
			isa = XCConfigurationList;
			buildConfigurations = (
				3E39D8091B7B1A8200A913AF /* Debug */,
				3E39D80A1B7B1A8200A913AF /* Release */,
			);
			defaultConfigurationIsVisible = 0;
		};
		3E39D80B1B7B1A8200A913AF /* Build configuration list for PBXNativeTarget "PageAppUITests" */ = {
			isa = XCConfigurationList;
			buildConfigurations = (
				3E39D80C1B7B1A8200A913AF /* Debug */,
				3E39D80D1B7B1A8200A913AF /* Release */,
			);
			defaultConfigurationIsVisible = 0;
		};
/* End XCConfigurationList section */
	};
	rootObject = 3E39D7D51B7B1A8200A913AF /* Project object */;
}
